Microsoft Visual Studio Solution File, Format Version 12.00
# Visual Studio Version 17
VisualStudioVersion = 17.0.31611.283
MinimumVisualStudioVersion = 10.0.40219.1
Project("{9A19103F-16F7-4668-BE54-9A1E7A4F7556}") = "SnakeClient", "SnakeClient\SnakeClient.csproj", "{7DA96372-0505-424C-98B4-A5A2E01D7E3E}"
EndProject
Project("{9A19103F-16F7-4668-BE54-9A1E7A4F7556}") = "Vector2D", "Vector2D\Vector2D.csproj", "{1E1AC518-A91F-4804-85B2-34B8B0B220C8}"
EndProject
Project("{9A19103F-16F7-4668-BE54-9A1E7A4F7556}") = "GameController", "GameController\GameController.csproj", "{5C652DB6-F079-4FDD-8145-3F75FE9E880F}"
EndProject
Project("{9A19103F-16F7-4668-BE54-9A1E7A4F7556}") = "World", "World\World.csproj", "{B5B28002-69AE-4C11-BCA6-1C41091F6A4F}"
EndProject
Project("{2150E333-8FDC-42A3-9474-1A3956D46DE8}") = "Solution Items", "Solution Items", "{BDAA73EB-1218-4EA2-B429-9F9A674BA04C}"
	ProjectSection(SolutionItems) = preProject
		README.txt = README.txt
	EndProjectSection
EndProject
Project("{FAE04EC0-301F-11D3-BF4B-00C04F79EFBC}") = "Server", "Server\Server.csproj", "{CBD28D59-453E-4AB9-B26C-207567D14397}"
EndProject
Global
	GlobalSection(SolutionConfigurationPlatforms) = preSolution
		Debug|Any CPU = Debug|Any CPU
		Release|Any CPU = Release|Any CPU
	EndGlobalSection
	GlobalSection(ProjectConfigurationPlatforms) = postSolution
		{7DA96372-0505-424C-98B4-A5A2E01D7E3E}.Debug|Any CPU.ActiveCfg = Debug|Any CPU
		{7DA96372-0505-424C-98B4-A5A2E01D7E3E}.Debug|Any CPU.Build.0 = Debug|Any CPU
		{7DA96372-0505-424C-98B4-A5A2E01D7E3E}.Debug|Any CPU.Deploy.0 = Debug|Any CPU
		{7DA96372-0505-424C-98B4-A5A2E01D7E3E}.Release|Any CPU.ActiveCfg = Release|Any CPU
		{7DA96372-0505-424C-98B4-A5A2E01D7E3E}.Release|Any CPU.Build.0 = Release|Any CPU
		{7DA96372-0505-424C-98B4-A5A2E01D7E3E}.Release|Any CPU.Deploy.0 = Release|Any CPU
		{1E1AC518-A91F-4804-85B2-34B8B0B220C8}.Debug|Any CPU.ActiveCfg = Debug|Any CPU
		{1E1AC518-A91F-4804-85B2-34B8B0B220C8}.Debug|Any CPU.Build.0 = Debug|Any CPU
		{1E1AC518-A91F-4804-85B2-34B8B0B220C8}.Release|Any CPU.ActiveCfg = Release|Any CPU
		{1E1AC518-A91F-4804-85B2-34B8B0B220C8}.Release|Any CPU.Build.0 = Release|Any CPU
		{5C652DB6-F079-4FDD-8145-3F75FE9E880F}.Debug|Any CPU.ActiveCfg = Debug|Any CPU
		{5C652DB6-F079-4FDD-8145-3F75FE9E880F}.Debug|Any CPU.Build.0 = Debug|Any CPU
		{5C652DB6-F079-4FDD-8145-3F75FE9E880F}.Release|Any CPU.ActiveCfg = Release|Any CPU
		{5C652DB6-F079-4FDD-8145-3F75FE9E880F}.Release|Any CPU.Build.0 = Release|Any CPU
		{B5B28002-69AE-4C11-BCA6-1C41091F6A4F}.Debug|Any CPU.ActiveCfg = Debug|Any CPU
		{B5B28002-69AE-4C11-BCA6-1C41091F6A4F}.Debug|Any CPU.Build.0 = Debug|Any CPU
		{B5B28002-69AE-4C11-BCA6-1C41091F6A4F}.Release|Any CPU.ActiveCfg = Release|Any CPU
		{B5B28002-69AE-4C11-BCA6-1C41091F6A4F}.Release|Any CPU.Build.0 = Release|Any CPU
		{CBD28D59-453E-4AB9-B26C-207567D14397}.Debug|Any CPU.ActiveCfg = Debug|Any CPU
		{CBD28D59-453E-4AB9-B26C-207567D14397}.Debug|Any CPU.Build.0 = Debug|Any CPU
		{CBD28D59-453E-4AB9-B26C-207567D14397}.Release|Any CPU.ActiveCfg = Release|Any CPU
		{CBD28D59-453E-4AB9-B26C-207567D14397}.Release|Any CPU.Build.0 = Release|Any CPU
	EndGlobalSection
	GlobalSection(SolutionProperties) = preSolution
		HideSolutionNode = FALSE
	EndGlobalSection
	GlobalSection(ExtensibilityGlobals) = postSolution
		SolutionGuid = {61F7FB11-1E47-470C-91E2-47F8143E1572}
	EndGlobalSection
EndGlobal
